
Microsoft Visual Studio Solution File, Format Version 12.00
# Visual Studio Version 16
VisualStudioVersion = 16.0.29411.108
MinimumVisualStudioVersion = 10.0.40219.1
Project("{FAE04EC0-301F-11D3-BF4B-00C04F79EFBC}") = "PaqueteriasAYT", "PaqueteriasAYT\PaqueteriasAYT.csproj", "{3B95F51F-E4E1-46A4-B80B-3B8E1B50B213}"
EndProject
Global
	GlobalSection(SolutionConfigurationPlatforms) = preSolution
		Debug|Any CPU = Debug|Any CPU
		Release|Any CPU = Release|Any CPU
	EndGlobalSection
	GlobalSection(ProjectConfigurationPlatforms) = postSolution
		{3B95F51F-E4E1-46A4-B80B-3B8E1B50B213}.Debug|Any CPU.ActiveCfg = Debug|Any CPU
		{3B95F51F-E4E1-46A4-B80B-3B8E1B50B213}.Debug|Any CPU.Build.0 = Debug|Any CPU
		{3B95F51F-E4E1-46A4-B80B-3B8E1B50B213}.Release|Any CPU.ActiveCfg = Release|Any CPU
		{3B95F51F-E4E1-46A4-B80B-3B8E1B50B213}.Release|Any CPU.Build.0 = Release|Any CPU
	EndGlobalSection
	GlobalSection(SolutionProperties) = preSolution
		HideSolutionNode = FALSE
	EndGlobalSection
	GlobalSection(ExtensibilityGlobals) = postSolution
		SolutionGuid = {0F7626D8-8586-47B4-9838-19766B3F576A}
	EndGlobalSection
EndGlobal
